
Microsoft Visual Studio Solution File, Format Version 12.00
# Visual Studio Version 17
VisualStudioVersion = 17.2.32616.157
MinimumVisualStudioVersion = 10.0.40219.1
Project("{FAE04EC0-301F-11D3-BF4B-00C04F79EFBC}") = "4_1_12", "4_1_12.csproj", "{B518640D-754F-46C6-BAE6-B39E4FE33044}"
EndProject
Global
	GlobalSection(SolutionConfigurationPlatforms) = preSolution
		Debug|Any CPU = Debug|Any CPU
		Release|Any CPU = Release|Any CPU
	EndGlobalSection
	GlobalSection(ProjectConfigurationPlatforms) = postSolution
		{B518640D-754F-46C6-BAE6-B39E4FE33044}.Debug|Any CPU.ActiveCfg = Debug|Any CPU
		{B518640D-754F-46C6-BAE6-B39E4FE33044}.Debug|Any CPU.Build.0 = Debug|Any CPU
		{B518640D-754F-46C6-BAE6-B39E4FE33044}.Release|Any CPU.ActiveCfg = Release|Any CPU
		{B518640D-754F-46C6-BAE6-B39E4FE33044}.Release|Any CPU.Build.0 = Release|Any CPU
	EndGlobalSection
	GlobalSection(SolutionProperties) = preSolution
		HideSolutionNode = FALSE
	EndGlobalSection
	GlobalSection(ExtensibilityGlobals) = postSolution
		SolutionGuid = {A631CCAF-1700-4A73-99BC-7741D3C0A734}
	EndGlobalSection
EndGlobal
